
Microsoft Visual Studio Solution File, Format Version 12.00
# Visual Studio Version 17
VisualStudioVersion = 17.2.32616.157
MinimumVisualStudioVersion = 10.0.40219.1
Project("{FAE04EC0-301F-11D3-BF4B-00C04F79EFBC}") = "csharp-tutorial", "csharp-tutorial\csharp-tutorial.csproj", "{AF3CAF6F-1F82-4D3A-B936-B6BF91EB1A77}"
EndProject
Global
	GlobalSection(SolutionConfigurationPlatforms) = preSolution
		Debug|Any CPU = Debug|Any CPU
		Release|Any CPU = Release|Any CPU
	EndGlobalSection
	GlobalSection(ProjectConfigurationPlatforms) = postSolution
		{AF3CAF6F-1F82-4D3A-B936-B6BF91EB1A77}.Debug|Any CPU.ActiveCfg = Debug|Any CPU
		{AF3CAF6F-1F82-4D3A-B936-B6BF91EB1A77}.Debug|Any CPU.Build.0 = Debug|Any CPU
		{AF3CAF6F-1F82-4D3A-B936-B6BF91EB1A77}.Release|Any CPU.ActiveCfg = Release|Any CPU
		{AF3CAF6F-1F82-4D3A-B936-B6BF91EB1A77}.Release|Any CPU.Build.0 = Release|Any CPU
	EndGlobalSection
	GlobalSection(SolutionProperties) = preSolution
		HideSolutionNode = FALSE
	EndGlobalSection
	GlobalSection(ExtensibilityGlobals) = postSolution
		SolutionGuid = {17E68143-AABE-4B29-A805-140BAF28F088}
	EndGlobalSection
EndGlobal
